
Microsoft Visual Studio Solution File, Format Version 12.00
# Visual Studio Version 17
VisualStudioVersion = 17.11.35303.130
MinimumVisualStudioVersion = 10.0.40219.1
Project("{FAE04EC0-301F-11D3-BF4B-00C04F79EFBC}") = "DurianNet", "DurianNet\DurianNet.csproj", "{B92D98BE-4050-445A-9323-31A2B5AE74C7}"
EndProject
Global
	GlobalSection(SolutionConfigurationPlatforms) = preSolution
		Debug|Any CPU = Debug|Any CPU
		Release|Any CPU = Release|Any CPU
	EndGlobalSection
	GlobalSection(ProjectConfigurationPlatforms) = postSolution
		{B92D98BE-4050-445A-9323-31A2B5AE74C7}.Debug|Any CPU.ActiveCfg = Debug|Any CPU
		{B92D98BE-4050-445A-9323-31A2B5AE74C7}.Debug|Any CPU.Build.0 = Debug|Any CPU
		{B92D98BE-4050-445A-9323-31A2B5AE74C7}.Release|Any CPU.ActiveCfg = Release|Any CPU
		{B92D98BE-4050-445A-9323-31A2B5AE74C7}.Release|Any CPU.Build.0 = Release|Any CPU
	EndGlobalSection
	GlobalSection(SolutionProperties) = preSolution
		HideSolutionNode = FALSE
	EndGlobalSection
	GlobalSection(ExtensibilityGlobals) = postSolution
		SolutionGuid = {8FB3264B-6484-40A5-ACF9-9F168529FE3A}
	EndGlobalSection
EndGlobal
