
Microsoft Visual Studio Solution File, Format Version 12.00
# Visual Studio Version 17
VisualStudioVersion = 17.9.34622.214
MinimumVisualStudioVersion = 10.0.40219.1
Project("{FAE04EC0-301F-11D3-BF4B-00C04F79EFBC}") = "DurianNet", "DurianNet\DurianNet.csproj", "{5E4A72B8-F70F-4C47-B930-531CBAD92A55}"
EndProject
Global
	GlobalSection(SolutionConfigurationPlatforms) = preSolution
		Debug|Any CPU = Debug|Any CPU
		Release|Any CPU = Release|Any CPU
	EndGlobalSection
	GlobalSection(ProjectConfigurationPlatforms) = postSolution
		{5E4A72B8-F70F-4C47-B930-531CBAD92A55}.Debug|Any CPU.ActiveCfg = Debug|Any CPU
		{5E4A72B8-F70F-4C47-B930-531CBAD92A55}.Debug|Any CPU.Build.0 = Debug|Any CPU
		{5E4A72B8-F70F-4C47-B930-531CBAD92A55}.Release|Any CPU.ActiveCfg = Release|Any CPU
		{5E4A72B8-F70F-4C47-B930-531CBAD92A55}.Release|Any CPU.Build.0 = Release|Any CPU
	EndGlobalSection
	GlobalSection(SolutionProperties) = preSolution
		HideSolutionNode = FALSE
	EndGlobalSection
	GlobalSection(ExtensibilityGlobals) = postSolution
		SolutionGuid = {92F034AB-4B13-4A04-AEAD-DF3216573B90}
	EndGlobalSection
EndGlobal
